// !$*UTF8*$!
{
	archiveVersion = 1;
	classes = {
	};
	objectVersion = 46;
	objects = {

/* Begin PBXBuildFile section */
		E715AE7D1B286C9900AB0407 /* UIColor+ColorExtensions.m in Sources */ = {isa = PBXBuildFile; fileRef = E715AE7C1B286C9900AB0407 /* UIColor+ColorExtensions.m */; };
		E715AE841B2880D600AB0407 /* TPKeyboardAvoidingScrollView.m in Sources */ = {isa = PBXBuildFile; fileRef = E715AE7F1B2880D600AB0407 /* TPKeyboardAvoidingScrollView.m */; };
		E715AE891B28822100AB0407 /* UIScrollView+TPKeyboardAvoidingAdditions.m in Sources */ = {isa = PBXBuildFile; fileRef = E715AE881B28822100AB0407 /* UIScrollView+TPKeyboardAvoidingAdditions.m */; };
		E7427EE31B282E4C006DC8E6 /* SensimityTableViewCell.xib in Resources */ = {isa = PBXBuildFile; fileRef = E7427EE21B282E4C006DC8E6 /* SensimityTableViewCell.xib */; };
		E7427EE61B282EB7006DC8E6 /* SensimityTableViewCell.m in Sources */ = {isa = PBXBuildFile; fileRef = E7427EE51B282EB7006DC8E6 /* SensimityTableViewCell.m */; };
		E7427EEC1B284B5F006DC8E6 /* ConfiguredBeaconService.m in Sources */ = {isa = PBXBuildFile; fileRef = E7427EEB1B284B5F006DC8E6 /* ConfiguredBeaconService.m */; };
		E76D1E281B14DA3E00183A5A /* Main.storyboard in Resources */ = {isa = PBXBuildFile; fileRef = E76D1E271B14DA3E00183A5A /* Main.storyboard */; };
		E77D100C1B14B36500F80588 /* SensimityView.m in Sources */ = {isa = PBXBuildFile; fileRef = E77D10001B149FCE00F80588 /* SensimityView.m */; };
		E77D100D1B14B36500F80588 /* ViewController.m in Sources */ = {isa = PBXBuildFile; fileRef = 5060DBF91847A0A300E99EE6 /* ViewController.m */; };
		E77D100E1B14B36500F80588 /* SensimityTextField.m in Sources */ = {isa = PBXBuildFile; fileRef = E77D0FF31B14844200F80588 /* SensimityTextField.m */; };
		E77D100F1B14B36500F80588 /* AppDelegate.m in Sources */ = {isa = PBXBuildFile; fileRef = 5060DBF31847A0A300E99EE6 /* AppDelegate.m */; };
		E77D10101B14B36500F80588 /* main.m in Sources */ = {isa = PBXBuildFile; fileRef = 5060DBEF1847A0A300E99EE6 /* main.m */; };
		E77D10121B14B36500F80588 /* CoreLocation.framework in Frameworks */ = {isa = PBXBuildFile; fileRef = 5060DC1A1847AAB700E99EE6 /* CoreLocation.framework */; };
		E77D10131B14B36500F80588 /* CoreBluetooth.framework in Frameworks */ = {isa = PBXBuildFile; fileRef = 5060DC181847AAB200E99EE6 /* CoreBluetooth.framework */; };
		E77D10141B14B36500F80588 /* CoreGraphics.framework in Frameworks */ = {isa = PBXBuildFile; fileRef = 5060DBE51847A0A300E99EE6 /* CoreGraphics.framework */; };
		E77D10151B14B36500F80588 /* UIKit.framework in Frameworks */ = {isa = PBXBuildFile; fileRef = 5060DBE71847A0A300E99EE6 /* UIKit.framework */; };
		E77D10161B14B36500F80588 /* Foundation.framework in Frameworks */ = {isa = PBXBuildFile; fileRef = 5060DBE31847A0A300E99EE6 /* Foundation.framework */; };
		E77D10181B14B36500F80588 /* SourceSansPro-Regular.otf in Resources */ = {isa = PBXBuildFile; fileRef = E77D0FFB1B148FCA00F80588 /* SourceSansPro-Regular.otf */; };
		E77D10191B14B36500F80588 /* Geogrotesque-Regular.otf in Resources */ = {isa = PBXBuildFile; fileRef = E77D0FF91B148F8B00F80588 /* Geogrotesque-Regular.otf */; };
		E77D101A1B14B36500F80588 /* SensimityView.xib in Resources */ = {isa = PBXBuildFile; fileRef = E77D0FFD1B149FB900F80588 /* SensimityView.xib */; };
		E77D101B1B14B36500F80588 /* Geogrotesque-Light.otf in Resources */ = {isa = PBXBuildFile; fileRef = E77D0FF51B14873B00F80588 /* Geogrotesque-Light.otf */; };
		E77D101C1B14B36500F80588 /* InfoPlist.strings in Resources */ = {isa = PBXBuildFile; fileRef = 5060DBEC1847A0A300E99EE6 /* InfoPlist.strings */; };
		E77D101D1B14B36500F80588 /* Images.xcassets in Resources */ = {isa = PBXBuildFile; fileRef = E77D0FF01B147BB300F80588 /* Images.xcassets */; };
		E77D101F1B14B36500F80588 /* Launch Screen.xib in Resources */ = {isa = PBXBuildFile; fileRef = E77D0FEC1B147B6F00F80588 /* Launch Screen.xib */; };
		E7B86DB71B21D66C002C8A0D /* BeaconValidator.m in Sources */ = {isa = PBXBuildFile; fileRef = E7B86DB61B21D66C002C8A0D /* BeaconValidator.m */; };
		E7C288401B26F1CE00B7CDC5 /* MPGTextField.m in Sources */ = {isa = PBXBuildFile; fileRef = E7C2883F1B26F1CE00B7CDC5 /* MPGTextField.m */; };
		E7C288431B26F28D00B7CDC5 /* SensimityUUIDField.m in Sources */ = {isa = PBXBuildFile; fileRef = E7C288421B26F28D00B7CDC5 /* SensimityUUIDField.m */; };
		E7C2884A1B27059000B7CDC5 /* Model.xcdatamodeld in Sources */ = {isa = PBXBuildFile; fileRef = E7C288481B27059000B7CDC5 /* Model.xcdatamodeld */; };
/* End PBXBuildFile section */

/* Begin PBXFileReference section */
		5060DBE31847A0A300E99EE6 /* Foundation.framework */ = {isa = PBXFileReference; lastKnownFileType = wrapper.framework; name = Foundation.framework; path = System/Library/Frameworks/Foundation.framework; sourceTree = SDKROOT; };
		5060DBE51847A0A300E99EE6 /* CoreGraphics.framework */ = {isa = PBXFileReference; lastKnownFileType = wrapper.framework; name = CoreGraphics.framework; path = System/Library/Frameworks/CoreGraphics.framework; sourceTree = SDKROOT; };
		5060DBE71847A0A300E99EE6 /* UIKit.framework */ = {isa = PBXFileReference; lastKnownFileType = wrapper.framework; name = UIKit.framework; path = System/Library/Frameworks/UIKit.framework; sourceTree = SDKROOT; };
		5060DBEB1847A0A300E99EE6 /* Info.plist */ = {isa = PBXFileReference; lastKnownFileType = text.plist.xml; path = Info.plist; sourceTree = "<group>"; };
		5060DBED1847A0A300E99EE6 /* en */ = {isa = PBXFileReference; lastKnownFileType = text.plist.strings; name = en; path = en.lproj/InfoPlist.strings; sourceTree = "<group>"; };
		5060DBEF1847A0A300E99EE6 /* main.m */ = {isa = PBXFileReference; lastKnownFileType = sourcecode.c.objc; path = main.m; sourceTree = "<group>"; };
		5060DBF21847A0A300E99EE6 /* AppDelegate.h */ = {isa = PBXFileReference; lastKnownFileType = sourcecode.c.h; path = AppDelegate.h; sourceTree = "<group>"; };
		5060DBF31847A0A300E99EE6 /* AppDelegate.m */ = {isa = PBXFileReference; lastKnownFileType = sourcecode.c.objc; path = AppDelegate.m; sourceTree = "<group>"; };
		5060DBF81847A0A300E99EE6 /* ViewController.h */ = {isa = PBXFileReference; lastKnownFileType = sourcecode.c.h; path = ViewController.h; sourceTree = "<group>"; };
		5060DBF91847A0A300E99EE6 /* ViewController.m */ = {isa = PBXFileReference; lastKnownFileType = sourcecode.c.objc; path = ViewController.m; sourceTree = "<group>"; };
		5060DC181847AAB200E99EE6 /* CoreBluetooth.framework */ = {isa = PBXFileReference; lastKnownFileType = wrapper.framework; name = CoreBluetooth.framework; path = System/Library/Frameworks/CoreBluetooth.framework; sourceTree = SDKROOT; };
		5060DC1A1847AAB700E99EE6 /* CoreLocation.framework */ = {isa = PBXFileReference; lastKnownFileType = wrapper.framework; name = CoreLocation.framework; path = System/Library/Frameworks/CoreLocation.framework; sourceTree = SDKROOT; };
		E715AE7B1B286C9900AB0407 /* UIColor+ColorExtensions.h */ = {isa = PBXFileReference; fileEncoding = 4; lastKnownFileType = sourcecode.c.h; path = "UIColor+ColorExtensions.h"; sourceTree = "<group>"; };
		E715AE7C1B286C9900AB0407 /* UIColor+ColorExtensions.m */ = {isa = PBXFileReference; fileEncoding = 4; lastKnownFileType = sourcecode.c.objc; path = "UIColor+ColorExtensions.m"; sourceTree = "<group>"; };
		E715AE7E1B2880D600AB0407 /* TPKeyboardAvoidingScrollView.h */ = {isa = PBXFileReference; fileEncoding = 4; lastKnownFileType = sourcecode.c.h; path = TPKeyboardAvoidingScrollView.h; sourceTree = "<group>"; };
		E715AE7F1B2880D600AB0407 /* TPKeyboardAvoidingScrollView.m */ = {isa = PBXFileReference; fileEncoding = 4; lastKnownFileType = sourcecode.c.objc; path = TPKeyboardAvoidingScrollView.m; sourceTree = "<group>"; };
		E715AE871B28822100AB0407 /* UIScrollView+TPKeyboardAvoidingAdditions.h */ = {isa = PBXFileReference; fileEncoding = 4; lastKnownFileType = sourcecode.c.h; path = "UIScrollView+TPKeyboardAvoidingAdditions.h"; sourceTree = "<group>"; };
		E715AE881B28822100AB0407 /* UIScrollView+TPKeyboardAvoidingAdditions.m */ = {isa = PBXFileReference; fileEncoding = 4; lastKnownFileType = sourcecode.c.objc; path = "UIScrollView+TPKeyboardAvoidingAdditions.m"; sourceTree = "<group>"; };
		E7427EE21B282E4C006DC8E6 /* SensimityTableViewCell.xib */ = {isa = PBXFileReference; fileEncoding = 4; lastKnownFileType = file.xib; path = SensimityTableViewCell.xib; sourceTree = "<group>"; };
		E7427EE41B282EB7006DC8E6 /* SensimityTableViewCell.h */ = {isa = PBXFileReference; fileEncoding = 4; lastKnownFileType = sourcecode.c.h; path = SensimityTableViewCell.h; sourceTree = "<group>"; };
		E7427EE51B282EB7006DC8E6 /* SensimityTableViewCell.m */ = {isa = PBXFileReference; fileEncoding = 4; lastKnownFileType = sourcecode.c.objc; path = SensimityTableViewCell.m; sourceTree = "<group>"; };
		E7427EEA1B284B5F006DC8E6 /* ConfiguredBeaconService.h */ = {isa = PBXFileReference; fileEncoding = 4; lastKnownFileType = sourcecode.c.h; path = ConfiguredBeaconService.h; sourceTree = "<group>"; };
		E7427EEB1B284B5F006DC8E6 /* ConfiguredBeaconService.m */ = {isa = PBXFileReference; fileEncoding = 4; lastKnownFileType = sourcecode.c.objc; path = ConfiguredBeaconService.m; sourceTree = "<group>"; };
		E76D1E271B14DA3E00183A5A /* Main.storyboard */ = {isa = PBXFileReference; fileEncoding = 4; lastKnownFileType = file.storyboard; path = Main.storyboard; sourceTree = "<group>"; };
		E77D0FEC1B147B6F00F80588 /* Launch Screen.xib */ = {isa = PBXFileReference; fileEncoding = 4; lastKnownFileType = file.xib; path = "Launch Screen.xib"; sourceTree = "<group>"; };
		E77D0FF01B147BB300F80588 /* Images.xcassets */ = {isa = PBXFileReference; lastKnownFileType = folder.assetcatalog; path = Images.xcassets; sourceTree = "<group>"; };
		E77D0FF21B14844200F80588 /* SensimityTextField.h */ = {isa = PBXFileReference; fileEncoding = 4; lastKnownFileType = sourcecode.c.h; path = SensimityTextField.h; sourceTree = "<group>"; };
		E77D0FF31B14844200F80588 /* SensimityTextField.m */ = {isa = PBXFileReference; fileEncoding = 4; lastKnownFileType = sourcecode.c.objc; path = SensimityTextField.m; sourceTree = "<group>"; };
		E77D0FF51B14873B00F80588 /* Geogrotesque-Light.otf */ = {isa = PBXFileReference; lastKnownFileType = file; path = "Geogrotesque-Light.otf"; sourceTree = "<group>"; };
		E77D0FF91B148F8B00F80588 /* Geogrotesque-Regular.otf */ = {isa = PBXFileReference; lastKnownFileType = file; path = "Geogrotesque-Regular.otf"; sourceTree = "<group>"; };
		E77D0FFB1B148FCA00F80588 /* SourceSansPro-Regular.otf */ = {isa = PBXFileReference; lastKnownFileType = file; path = "SourceSansPro-Regular.otf"; sourceTree = "<group>"; };
		E77D0FFD1B149FB900F80588 /* SensimityView.xib */ = {isa = PBXFileReference; fileEncoding = 4; lastKnownFileType = file.xib; path = SensimityView.xib; sourceTree = "<group>"; };
		E77D0FFF1B149FCE00F80588 /* SensimityView.h */ = {isa = PBXFileReference; fileEncoding = 4; lastKnownFileType = sourcecode.c.h; path = SensimityView.h; sourceTree = "<group>"; };
		E77D10001B149FCE00F80588 /* SensimityView.m */ = {isa = PBXFileReference; fileEncoding = 4; lastKnownFileType = sourcecode.c.objc; path = SensimityView.m; sourceTree = "<group>"; };
		E77D10051B14B12C00F80588 /* Beacon-Prefix.pch */ = {isa = PBXFileReference; lastKnownFileType = sourcecode.c.h; path = "Beacon-Prefix.pch"; sourceTree = "<group>"; };
		E7B86DB31B21AB5E002C8A0D /* Beacon copy.app */ = {isa = PBXFileReference; explicitFileType = wrapper.application; includeInIndex = 0; path = "Beacon copy.app"; sourceTree = BUILT_PRODUCTS_DIR; };
		E7B86DB51B21D66C002C8A0D /* BeaconValidator.h */ = {isa = PBXFileReference; fileEncoding = 4; lastKnownFileType = sourcecode.c.h; path = BeaconValidator.h; sourceTree = "<group>"; };
		E7B86DB61B21D66C002C8A0D /* BeaconValidator.m */ = {isa = PBXFileReference; fileEncoding = 4; lastKnownFileType = sourcecode.c.objc; path = BeaconValidator.m; sourceTree = "<group>"; };
		E7C2883E1B26F1CE00B7CDC5 /* MPGTextField.h */ = {isa = PBXFileReference; fileEncoding = 4; lastKnownFileType = sourcecode.c.h; path = MPGTextField.h; sourceTree = "<group>"; };
		E7C2883F1B26F1CE00B7CDC5 /* MPGTextField.m */ = {isa = PBXFileReference; fileEncoding = 4; lastKnownFileType = sourcecode.c.objc; path = MPGTextField.m; sourceTree = "<group>"; };
		E7C288411B26F28D00B7CDC5 /* SensimityUUIDField.h */ = {isa = PBXFileReference; fileEncoding = 4; lastKnownFileType = sourcecode.c.h; path = SensimityUUIDField.h; sourceTree = "<group>"; };
		E7C288421B26F28D00B7CDC5 /* SensimityUUIDField.m */ = {isa = PBXFileReference; fileEncoding = 4; lastKnownFileType = sourcecode.c.objc; path = SensimityUUIDField.m; sourceTree = "<group>"; };
		E7C288491B27059000B7CDC5 /* Model.xcdatamodel */ = {isa = PBXFileReference; lastKnownFileType = wrapper.xcdatamodel; path = Model.xcdatamodel; sourceTree = "<group>"; };
/* End PBXFileReference section */

/* Begin PBXFrameworksBuildPhase section */
		E77D10111B14B36500F80588 /* Frameworks */ = {
			isa = PBXFrameworksBuildPhase;
			buildActionMask = 2147483647;
			files = (
				E77D10121B14B36500F80588 /* CoreLocation.framework in Frameworks */,
				E77D10131B14B36500F80588 /* CoreBluetooth.framework in Frameworks */,
				E77D10141B14B36500F80588 /* CoreGraphics.framework in Frameworks */,
				E77D10151B14B36500F80588 /* UIKit.framework in Frameworks */,
				E77D10161B14B36500F80588 /* Foundation.framework in Frameworks */,
			);
			runOnlyForDeploymentPostprocessing = 0;
		};
/* End PBXFrameworksBuildPhase section */

/* Begin PBXGroup section */
		5060DBD71847A0A300E99EE6 = {
			isa = PBXGroup;
			children = (
				E7427EE71B2836DC006DC8E6 /* Classes */,
				E7813B371B0F63AA00FEFF70 /* Resources */,
				5060DBE21847A0A300E99EE6 /* Frameworks */,
				E7B86DB31B21AB5E002C8A0D /* Beacon copy.app */,
			);
			sourceTree = "<group>";
		};
		5060DBE21847A0A300E99EE6 /* Frameworks */ = {
			isa = PBXGroup;
			children = (
				5060DC1A1847AAB700E99EE6 /* CoreLocation.framework */,
				5060DC181847AAB200E99EE6 /* CoreBluetooth.framework */,
				5060DBE31847A0A300E99EE6 /* Foundation.framework */,
				5060DBE51847A0A300E99EE6 /* CoreGraphics.framework */,
				5060DBE71847A0A300E99EE6 /* UIKit.framework */,
			);
			name = Frameworks;
			sourceTree = "<group>";
		};
		5060DBEA1847A0A300E99EE6 /* Supporting Files */ = {
			isa = PBXGroup;
			children = (
				E715AE871B28822100AB0407 /* UIScrollView+TPKeyboardAvoidingAdditions.h */,
				E715AE881B28822100AB0407 /* UIScrollView+TPKeyboardAvoidingAdditions.m */,
				E715AE7E1B2880D600AB0407 /* TPKeyboardAvoidingScrollView.h */,
				E715AE7F1B2880D600AB0407 /* TPKeyboardAvoidingScrollView.m */,
				5060DBF21847A0A300E99EE6 /* AppDelegate.h */,
				5060DBF31847A0A300E99EE6 /* AppDelegate.m */,
				E77D10051B14B12C00F80588 /* Beacon-Prefix.pch */,
				5060DBEB1847A0A300E99EE6 /* Info.plist */,
				5060DBEC1847A0A300E99EE6 /* InfoPlist.strings */,
				5060DBEF1847A0A300E99EE6 /* main.m */,
				E715AE7B1B286C9900AB0407 /* UIColor+ColorExtensions.h */,
				E715AE7C1B286C9900AB0407 /* UIColor+ColorExtensions.m */,
			);
			path = "Supporting Files";
			sourceTree = "<group>";
		};
		E7427EE71B2836DC006DC8E6 /* Classes */ = {
			isa = PBXGroup;
			children = (
				E77D10071B14B22F00F80588 /* Controllers */,
				E7C288441B26F3C700B7CDC5 /* Models */,
				E7427EE91B284B36006DC8E6 /* Services */,
				E77D10081B14B25100F80588 /* Views */,
				E7B86DB41B21D5B3002C8A0D /* Validators */,
			);
			path = Classes;
			sourceTree = "<group>";
		};
		E7427EE91B284B36006DC8E6 /* Services */ = {
			isa = PBXGroup;
			children = (
				E7427EEA1B284B5F006DC8E6 /* ConfiguredBeaconService.h */,
				E7427EEB1B284B5F006DC8E6 /* ConfiguredBeaconService.m */,
			);
			path = Services;
			sourceTree = "<group>";
		};
		E77D10071B14B22F00F80588 /* Controllers */ = {
			isa = PBXGroup;
			children = (
				5060DBF81847A0A300E99EE6 /* ViewController.h */,
				5060DBF91847A0A300E99EE6 /* ViewController.m */,
			);
			path = Controllers;
			sourceTree = "<group>";
		};
		E77D10081B14B25100F80588 /* Views */ = {
			isa = PBXGroup;
			children = (
				E77D0FF21B14844200F80588 /* SensimityTextField.h */,
				E77D0FF31B14844200F80588 /* SensimityTextField.m */,
				E77D0FFF1B149FCE00F80588 /* SensimityView.h */,
				E77D10001B149FCE00F80588 /* SensimityView.m */,
				E7C288411B26F28D00B7CDC5 /* SensimityUUIDField.h */,
				E7C288421B26F28D00B7CDC5 /* SensimityUUIDField.m */,
				E7427EE41B282EB7006DC8E6 /* SensimityTableViewCell.h */,
				E7427EE51B282EB7006DC8E6 /* SensimityTableViewCell.m */,
			);
			path = Views;
			sourceTree = "<group>";
		};
		E77D10091B14B29900F80588 /* Views */ = {
			isa = PBXGroup;
			children = (
				E7427EE21B282E4C006DC8E6 /* SensimityTableViewCell.xib */,
				E76D1E271B14DA3E00183A5A /* Main.storyboard */,
				E77D0FEC1B147B6F00F80588 /* Launch Screen.xib */,
				E77D0FFD1B149FB900F80588 /* SensimityView.xib */,
			);
			path = Views;
			sourceTree = "<group>";
		};
		E7813B371B0F63AA00FEFF70 /* Resources */ = {
			isa = PBXGroup;
			children = (
				E7813B381B0F63B100FEFF70 /* Fonts */,
				E7C2883D1B26F1CE00B7CDC5 /* MPGTextField */,
				5060DBEA1847A0A300E99EE6 /* Supporting Files */,
				E77D10091B14B29900F80588 /* Views */,
				E77D0FF01B147BB300F80588 /* Images.xcassets */,
			);
			path = Resources;
			sourceTree = "<group>";
		};
		E7813B381B0F63B100FEFF70 /* Fonts */ = {
			isa = PBXGroup;
			children = (
				E77D0FFB1B148FCA00F80588 /* SourceSansPro-Regular.otf */,
				E77D0FF91B148F8B00F80588 /* Geogrotesque-Regular.otf */,
				E77D0FF51B14873B00F80588 /* Geogrotesque-Light.otf */,
			);
			path = Fonts;
			sourceTree = "<group>";
		};
		E7B86DB41B21D5B3002C8A0D /* Validators */ = {
			isa = PBXGroup;
			children = (
				E7B86DB51B21D66C002C8A0D /* BeaconValidator.h */,
				E7B86DB61B21D66C002C8A0D /* BeaconValidator.m */,
			);
			path = Validators;
			sourceTree = "<group>";
		};
		E7C2883D1B26F1CE00B7CDC5 /* MPGTextField */ = {
			isa = PBXGroup;
			children = (
				E7C2883E1B26F1CE00B7CDC5 /* MPGTextField.h */,
				E7C2883F1B26F1CE00B7CDC5 /* MPGTextField.m */,
			);
			path = MPGTextField;
			sourceTree = "<group>";
		};
		E7C288441B26F3C700B7CDC5 /* Models */ = {
			isa = PBXGroup;
			children = (
				E7C288481B27059000B7CDC5 /* Model.xcdatamodeld */,
			);
			path = Models;
			sourceTree = "<group>";
		};
/* End PBXGroup section */

/* Begin PBXNativeTarget section */
		E77D100A1B14B36500F80588 /* Sensimity Chameleon */ = {
			isa = PBXNativeTarget;
			buildConfigurationList = E77D10201B14B36500F80588 /* Build configuration list for PBXNativeTarget "Sensimity Chameleon" */;
			buildPhases = (
				E77D100B1B14B36500F80588 /* Sources */,
				E77D10111B14B36500F80588 /* Frameworks */,
				E77D10171B14B36500F80588 /* Resources */,
			);
			buildRules = (
			);
			dependencies = (
			);
			name = "Sensimity Chameleon";
			productName = Beacon;
			productReference = E7B86DB31B21AB5E002C8A0D /* Beacon copy.app */;
			productType = "com.apple.product-type.application";
		};
/* End PBXNativeTarget section */

/* Begin PBXProject section */
		5060DBD81847A0A300E99EE6 /* Project object */ = {
			isa = PBXProject;
			attributes = {
				LastUpgradeCheck = 0630;
				ORGANIZATIONNAME = Sensimity;
				TargetAttributes = {
					E77D100A1B14B36500F80588 = {
						DevelopmentTeam = F48QH95NN7;
					};
				};
			};
			buildConfigurationList = 5060DBDB1847A0A300E99EE6 /* Build configuration list for PBXProject "Sensimity Chameleon" */;
			compatibilityVersion = "Xcode 3.2";
			developmentRegion = English;
			hasScannedForEncodings = 0;
			knownRegions = (
				en,
				Base,
			);
			mainGroup = 5060DBD71847A0A300E99EE6;
			productRefGroup = 5060DBD71847A0A300E99EE6;
			projectDirPath = "";
			projectRoot = "";
			targets = (
				E77D100A1B14B36500F80588 /* Sensimity Chameleon */,
			);
		};
/* End PBXProject section */

/* Begin PBXResourcesBuildPhase section */
		E77D10171B14B36500F80588 /* Resources */ = {
			isa = PBXResourcesBuildPhase;
			buildActionMask = 2147483647;
			files = (
				E77D10181B14B36500F80588 /* SourceSansPro-Regular.otf in Resources */,
				E77D10191B14B36500F80588 /* Geogrotesque-Regular.otf in Resources */,
				E77D101A1B14B36500F80588 /* SensimityView.xib in Resources */,
				E7427EE31B282E4C006DC8E6 /* SensimityTableViewCell.xib in Resources */,
				E76D1E281B14DA3E00183A5A /* Main.storyboard in Resources */,
				E77D101B1B14B36500F80588 /* Geogrotesque-Light.otf in Resources */,
				E77D101C1B14B36500F80588 /* InfoPlist.strings in Resources */,
				E77D101D1B14B36500F80588 /* Images.xcassets in Resources */,
				E77D101F1B14B36500F80588 /* Launch Screen.xib in Resources */,
			);
			runOnlyForDeploymentPostprocessing = 0;
		};
/* End PBXResourcesBuildPhase section */

/* Begin PBXSourcesBuildPhase section */
		E77D100B1B14B36500F80588 /* Sources */ = {
			isa = PBXSourcesBuildPhase;
			buildActionMask = 2147483647;
			files = (
				E715AE841B2880D600AB0407 /* TPKeyboardAvoidingScrollView.m in Sources */,
				E7427EEC1B284B5F006DC8E6 /* ConfiguredBeaconService.m in Sources */,
				E7B86DB71B21D66C002C8A0D /* BeaconValidator.m in Sources */,
				E715AE891B28822100AB0407 /* UIScrollView+TPKeyboardAvoidingAdditions.m in Sources */,
				E77D100C1B14B36500F80588 /* SensimityView.m in Sources */,
				E715AE7D1B286C9900AB0407 /* UIColor+ColorExtensions.m in Sources */,
				E7C288401B26F1CE00B7CDC5 /* MPGTextField.m in Sources */,
				E77D100D1B14B36500F80588 /* ViewController.m in Sources */,
				E77D100E1B14B36500F80588 /* SensimityTextField.m in Sources */,
				E7427EE61B282EB7006DC8E6 /* SensimityTableViewCell.m in Sources */,
				E7C2884A1B27059000B7CDC5 /* Model.xcdatamodeld in Sources */,
				E77D100F1B14B36500F80588 /* AppDelegate.m in Sources */,
				E77D10101B14B36500F80588 /* main.m in Sources */,
				E7C288431B26F28D00B7CDC5 /* SensimityUUIDField.m in Sources */,
			);
			runOnlyForDeploymentPostprocessing = 0;
		};
/* End PBXSourcesBuildPhase section */

/* Begin PBXVariantGroup section */
		5060DBEC1847A0A300E99EE6 /* InfoPlist.strings */ = {
			isa = PBXVariantGroup;
			children = (
				5060DBED1847A0A300E99EE6 /* en */,
			);
			name = InfoPlist.strings;
			sourceTree = "<group>";
		};
/* End PBXVariantGroup section */

/* Begin XCBuildConfiguration section */
		5060DC101847A0A400E99EE6 /* Debug */ = {
			isa = XCBuildConfiguration;
			buildSettings = {
				ALWAYS_SEARCH_USER_PATHS = NO;
				CLANG_CXX_LANGUAGE_STANDARD = "gnu++0x";
				CLANG_CXX_LIBRARY = "libc++";
				CLANG_ENABLE_MODULES = YES;
				CLANG_ENABLE_OBJC_ARC = YES;
				CLANG_WARN_BOOL_CONVERSION = YES;
				CLANG_WARN_CONSTANT_CONVERSION = YES;
				CLANG_WARN_DIRECT_OBJC_ISA_USAGE = YES_ERROR;
				CLANG_WARN_EMPTY_BODY = YES;
				CLANG_WARN_ENUM_CONVERSION = YES;
				CLANG_WARN_INT_CONVERSION = YES;
				CLANG_WARN_OBJC_ROOT_CLASS = YES_ERROR;
				CLANG_WARN__DUPLICATE_METHOD_MATCH = YES;
				"CODE_SIGN_IDENTITY[sdk=iphoneos*]" = "iPhone Developer";
				COPY_PHASE_STRIP = NO;
				GCC_C_LANGUAGE_STANDARD = gnu99;
				GCC_DYNAMIC_NO_PIC = NO;
				GCC_OPTIMIZATION_LEVEL = 0;
				GCC_PREPROCESSOR_DEFINITIONS = (
					"DEBUG=1",
					"$(inherited)",
				);
				GCC_SYMBOLS_PRIVATE_EXTERN = NO;
				GCC_WARN_64_TO_32_BIT_CONVERSION = YES;
				GCC_WARN_ABOUT_RETURN_TYPE = YES_ERROR;
				GCC_WARN_UNDECLARED_SELECTOR = YES;
				GCC_WARN_UNINITIALIZED_AUTOS = YES;
				GCC_WARN_UNUSED_FUNCTION = YES;
				GCC_WARN_UNUSED_VARIABLE = YES;
				IPHONEOS_DEPLOYMENT_TARGET = 8.0;
				ONLY_ACTIVE_ARCH = YES;
				SDKROOT = iphoneos;
			};
			name = Debug;
		};
		5060DC111847A0A400E99EE6 /* Release */ = {
			isa = XCBuildConfiguration;
			buildSettings = {
				ALWAYS_SEARCH_USER_PATHS = NO;
				CLANG_CXX_LANGUAGE_STANDARD = "gnu++0x";
				CLANG_CXX_LIBRARY = "libc++";
				CLANG_ENABLE_MODULES = YES;
				CLANG_ENABLE_OBJC_ARC = YES;
				CLANG_WARN_BOOL_CONVERSION = YES;
				CLANG_WARN_CONSTANT_CONVERSION = YES;
				CLANG_WARN_DIRECT_OBJC_ISA_USAGE = YES_ERROR;
				CLANG_WARN_EMPTY_BODY = YES;
				CLANG_WARN_ENUM_CONVERSION = YES;
				CLANG_WARN_INT_CONVERSION = YES;
				CLANG_WARN_OBJC_ROOT_CLASS = YES_ERROR;
				CLANG_WARN__DUPLICATE_METHOD_MATCH = YES;
				"CODE_SIGN_IDENTITY[sdk=iphoneos*]" = "iPhone Developer";
				COPY_PHASE_STRIP = YES;
				ENABLE_NS_ASSERTIONS = NO;
				GCC_C_LANGUAGE_STANDARD = gnu99;
				GCC_WARN_64_TO_32_BIT_CONVERSION = YES;
				GCC_WARN_ABOUT_RETURN_TYPE = YES_ERROR;
				GCC_WARN_UNDECLARED_SELECTOR = YES;
				GCC_WARN_UNINITIALIZED_AUTOS = YES;
				GCC_WARN_UNUSED_FUNCTION = YES;
				GCC_WARN_UNUSED_VARIABLE = YES;
				IPHONEOS_DEPLOYMENT_TARGET = 8.0;
				SDKROOT = iphoneos;
				VALIDATE_PRODUCT = YES;
			};
			name = Release;
		};
		E77D10211B14B36500F80588 /* Debug */ = {
			isa = XCBuildConfiguration;
			buildSettings = {
				ASSETCATALOG_COMPILER_APPICON_NAME = AppIcon;
				ASSETCATALOG_COMPILER_LAUNCHIMAGE_NAME = LaunchImage;
				CODE_SIGN_IDENTITY = "iPhone Developer";
				"CODE_SIGN_IDENTITY[sdk=iphoneos*]" = "iPhone Developer";
				GCC_PRECOMPILE_PREFIX_HEADER = YES;
				GCC_PREFIX_HEADER = "Resources/Supporting Files/Beacon-Prefix.pch";
				INFOPLIST_FILE = "$(SRCROOT)/Resources/Supporting Files/Info.plist";
				IPHONEOS_DEPLOYMENT_TARGET = 7;
				PRODUCT_NAME = Chameleon;
				PROVISIONING_PROFILE = "";
				TARGETED_DEVICE_FAMILY = "1,2";
				WRAPPER_EXTENSION = app;
			};
			name = Debug;
		};
		E77D10221B14B36500F80588 /* Release */ = {
			isa = XCBuildConfiguration;
			buildSettings = {
				ASSETCATALOG_COMPILER_APPICON_NAME = AppIcon;
				ASSETCATALOG_COMPILER_LAUNCHIMAGE_NAME = LaunchImage;
				CODE_SIGN_IDENTITY = "iPhone Developer";
				"CODE_SIGN_IDENTITY[sdk=iphoneos*]" = "iPhone Developer";
				GCC_PRECOMPILE_PREFIX_HEADER = YES;
				GCC_PREFIX_HEADER = "Resources/Supporting Files/Beacon-Prefix.pch";
				INFOPLIST_FILE = "$(SRCROOT)/Resources/Supporting Files/Info.plist";
				IPHONEOS_DEPLOYMENT_TARGET = 7;
				PRODUCT_NAME = Chameleon;
				PROVISIONING_PROFILE = "";
				TARGETED_DEVICE_FAMILY = "1,2";
				WRAPPER_EXTENSION = app;
			};
			name = Release;
		};
/* End XCBuildConfiguration section */

/* Begin XCConfigurationList section */
		5060DBDB1847A0A300E99EE6 /* Build configuration list for PBXProject "Sensimity Chameleon" */ = {
			isa = XCConfigurationList;
			buildConfigurations = (
				5060DC101847A0A400E99EE6 /* Debug */,
				5060DC111847A0A400E99EE6 /* Release */,
			);
			defaultConfigurationIsVisible = 0;
			defaultConfigurationName = Release;
		};
		E77D10201B14B36500F80588 /* Build configuration list for PBXNativeTarget "Sensimity Chameleon" */ = {
			isa = XCConfigurationList;
			buildConfigurations = (
				E77D10211B14B36500F80588 /* Debug */,
				E77D10221B14B36500F80588 /* Release */,
			);
			defaultConfigurationIsVisible = 0;
			defaultConfigurationName = Release;
		};
/* End XCConfigurationList section */

/* Begin XCVersionGroup section */
		E7C288481B27059000B7CDC5 /* Model.xcdatamodeld */ = {
			isa = XCVersionGroup;
			children = (
				E7C288491B27059000B7CDC5 /* Model.xcdatamodel */,
			);
			currentVersion = E7C288491B27059000B7CDC5 /* Model.xcdatamodel */;
			path = Model.xcdatamodeld;
			sourceTree = "<group>";
			versionGroupType = wrapper.xcdatamodel;
		};
/* End XCVersionGroup section */
	};
	rootObject = 5060DBD81847A0A300E99EE6 /* Project object */;
}
